
Microsoft Visual Studio Solution File, Format Version 12.00
# Visual Studio Version 17
VisualStudioVersion = 17.10.35027.167
MinimumVisualStudioVersion = 10.0.40219.1
Project("{2150E333-8FDC-42A3-9474-1A3956D46DE8}") = "01-Services", "01-Services", "{457EC44A-7BBE-43DC-90D8-CC90334FD829}"
EndProject
Project("{2150E333-8FDC-42A3-9474-1A3956D46DE8}") = "03-Infra", "03-Infra", "{43CD13B4-4C21-49C4-AEE6-7C8C6C7A3FD7}"
EndProject
Project("{2150E333-8FDC-42A3-9474-1A3956D46DE8}") = "03.02-CrossCutting", "03.02-CrossCutting", "{A6DE9606-8C46-4EEA-AFCC-A139D215C80C}"
EndProject
Project("{2150E333-8FDC-42A3-9474-1A3956D46DE8}") = "03.01-Data", "03.01-Data", "{AF9843E8-0EF1-4FBC-90AD-375172BC829B}"
EndProject
Project("{9A19103F-16F7-4668-BE54-9A1E7A4F7556}") = "StudentProject.Infra.Data", "src\StudentProject.Infra.Data\StudentProject.Infra.Data.csproj", "{BF14497E-B2D2-49BD-80DC-71201FE94D4A}"
EndProject
Project("{9A19103F-16F7-4668-BE54-9A1E7A4F7556}") = "StudentProject.Services.Api", "src\StudentProject.Services.Api\StudentProject.Services.Api.csproj", "{6C11FEBC-85FE-4664-8E81-7712EEA26CB0}"
EndProject
Project("{9A19103F-16F7-4668-BE54-9A1E7A4F7556}") = "StudentProject.Domain", "src\StudentProject.Domain\StudentProject.Domain.csproj", "{0C9EA47A-C12C-40EF-952D-9F0EF1FBEE50}"
EndProject
Project("{9A19103F-16F7-4668-BE54-9A1E7A4F7556}") = "StudentProject.Services.Bus.Consumer", "src\StudentProject.Services.Bus.Consumer\StudentProject.Services.Bus.Consumer.csproj", "{EDAEE2A5-3FD7-47E7-B756-371825B0A003}"
EndProject
Project("{FAE04EC0-301F-11D3-BF4B-00C04F79EFBC}") = "StudentProject.Infra.CrossCutting.Bus", "src\StudentProject.Infra.CrossCutting.Bus\StudentProject.Infra.CrossCutting.Bus.csproj", "{50A3F55E-4108-481A-AAF2-CD0C4A364AC9}"
EndProject
Project("{2150E333-8FDC-42A3-9474-1A3956D46DE8}") = "02-Domain", "02-Domain", "{C455C7F2-AA0C-4BEA-8B55-1C9DF07FBE81}"
EndProject
Global
	GlobalSection(SolutionConfigurationPlatforms) = preSolution
		Debug|Any CPU = Debug|Any CPU
		Release|Any CPU = Release|Any CPU
	EndGlobalSection
	GlobalSection(ProjectConfigurationPlatforms) = postSolution
		{BF14497E-B2D2-49BD-80DC-71201FE94D4A}.Debug|Any CPU.ActiveCfg = Debug|Any CPU
		{BF14497E-B2D2-49BD-80DC-71201FE94D4A}.Debug|Any CPU.Build.0 = Debug|Any CPU
		{BF14497E-B2D2-49BD-80DC-71201FE94D4A}.Release|Any CPU.ActiveCfg = Release|Any CPU
		{BF14497E-B2D2-49BD-80DC-71201FE94D4A}.Release|Any CPU.Build.0 = Release|Any CPU
		{6C11FEBC-85FE-4664-8E81-7712EEA26CB0}.Debug|Any CPU.ActiveCfg = Debug|Any CPU
		{6C11FEBC-85FE-4664-8E81-7712EEA26CB0}.Debug|Any CPU.Build.0 = Debug|Any CPU
		{6C11FEBC-85FE-4664-8E81-7712EEA26CB0}.Release|Any CPU.ActiveCfg = Release|Any CPU
		{6C11FEBC-85FE-4664-8E81-7712EEA26CB0}.Release|Any CPU.Build.0 = Release|Any CPU
		{0C9EA47A-C12C-40EF-952D-9F0EF1FBEE50}.Debug|Any CPU.ActiveCfg = Debug|Any CPU
		{0C9EA47A-C12C-40EF-952D-9F0EF1FBEE50}.Debug|Any CPU.Build.0 = Debug|Any CPU
		{0C9EA47A-C12C-40EF-952D-9F0EF1FBEE50}.Release|Any CPU.ActiveCfg = Release|Any CPU
		{0C9EA47A-C12C-40EF-952D-9F0EF1FBEE50}.Release|Any CPU.Build.0 = Release|Any CPU
		{EDAEE2A5-3FD7-47E7-B756-371825B0A003}.Debug|Any CPU.ActiveCfg = Debug|Any CPU
		{EDAEE2A5-3FD7-47E7-B756-371825B0A003}.Debug|Any CPU.Build.0 = Debug|Any CPU
		{EDAEE2A5-3FD7-47E7-B756-371825B0A003}.Release|Any CPU.ActiveCfg = Release|Any CPU
		{EDAEE2A5-3FD7-47E7-B756-371825B0A003}.Release|Any CPU.Build.0 = Release|Any CPU
		{50A3F55E-4108-481A-AAF2-CD0C4A364AC9}.Debug|Any CPU.ActiveCfg = Debug|Any CPU
		{50A3F55E-4108-481A-AAF2-CD0C4A364AC9}.Debug|Any CPU.Build.0 = Debug|Any CPU
		{50A3F55E-4108-481A-AAF2-CD0C4A364AC9}.Release|Any CPU.ActiveCfg = Release|Any CPU
		{50A3F55E-4108-481A-AAF2-CD0C4A364AC9}.Release|Any CPU.Build.0 = Release|Any CPU
	EndGlobalSection
	GlobalSection(SolutionProperties) = preSolution
		HideSolutionNode = FALSE
	EndGlobalSection
	GlobalSection(NestedProjects) = preSolution
		{A6DE9606-8C46-4EEA-AFCC-A139D215C80C} = {43CD13B4-4C21-49C4-AEE6-7C8C6C7A3FD7}
		{AF9843E8-0EF1-4FBC-90AD-375172BC829B} = {43CD13B4-4C21-49C4-AEE6-7C8C6C7A3FD7}
		{BF14497E-B2D2-49BD-80DC-71201FE94D4A} = {AF9843E8-0EF1-4FBC-90AD-375172BC829B}
		{6C11FEBC-85FE-4664-8E81-7712EEA26CB0} = {457EC44A-7BBE-43DC-90D8-CC90334FD829}
		{0C9EA47A-C12C-40EF-952D-9F0EF1FBEE50} = {C455C7F2-AA0C-4BEA-8B55-1C9DF07FBE81}
		{EDAEE2A5-3FD7-47E7-B756-371825B0A003} = {457EC44A-7BBE-43DC-90D8-CC90334FD829}
		{50A3F55E-4108-481A-AAF2-CD0C4A364AC9} = {A6DE9606-8C46-4EEA-AFCC-A139D215C80C}
	EndGlobalSection
	GlobalSection(ExtensibilityGlobals) = postSolution
		SolutionGuid = {1484C9E2-1BE6-42A4-AAF4-63234F34E944}
	EndGlobalSection
EndGlobal
